// !$*UTF8*$!
{
	archiveVersion = 1;
	classes = {
	};
	objectVersion = 46;
	objects = {

/* Begin PBXBuildFile section */
		1C56C0331F4325AE008D21E2 /* main.m in Sources */ = {isa = PBXBuildFile; fileRef = 1C56C0321F4325AE008D21E2 /* main.m */; };
		1C56C0361F4325AE008D21E2 /* AppDelegate.m in Sources */ = {isa = PBXBuildFile; fileRef = 1C56C0351F4325AE008D21E2 /* AppDelegate.m */; };
		1C56C0391F4325AE008D21E2 /* ViewController.m in Sources */ = {isa = PBXBuildFile; fileRef = 1C56C0381F4325AE008D21E2 /* ViewController.m */; };
		1C56C03C1F4325AE008D21E2 /* Main.storyboard in Resources */ = {isa = PBXBuildFile; fileRef = 1C56C03A1F4325AE008D21E2 /* Main.storyboard */; };
		1C56C03E1F4325AE008D21E2 /* Assets.xcassets in Resources */ = {isa = PBXBuildFile; fileRef = 1C56C03D1F4325AE008D21E2 /* Assets.xcassets */; };
		1C56C0411F4325AE008D21E2 /* LaunchScreen.storyboard in Resources */ = {isa = PBXBuildFile; fileRef = 1C56C03F1F4325AE008D21E2 /* LaunchScreen.storyboard */; };
		1C56C04B1F432748008D21E2 /* MessageBuilder.swift in Sources */ = {isa = PBXBuildFile; fileRef = 1C56C04A1F432748008D21E2 /* MessageBuilder.swift */; };
		1C56C04E1F4329B1008D21E2 /* Messages.m in Sources */ = {isa = PBXBuildFile; fileRef = 1C56C04D1F4329B1008D21E2 /* Messages.m */; };
/* End PBXBuildFile section */

/* Begin PBXFileReference section */
		1C56C02E1F4325AE008D21E2 /* RBObjCProject.app */ = {isa = PBXFileReference; explicitFileType = wrapper.application; includeInIndex = 0; path = RBObjCProject.app; sourceTree = BUILT_PRODUCTS_DIR; };
		1C56C0321F4325AE008D21E2 /* main.m */ = {isa = PBXFileReference; lastKnownFileType = sourcecode.c.objc; path = main.m; sourceTree = "<group>"; };
		1C56C0341F4325AE008D21E2 /* AppDelegate.h */ = {isa = PBXFileReference; lastKnownFileType = sourcecode.c.h; path = AppDelegate.h; sourceTree = "<group>"; };
		1C56C0351F4325AE008D21E2 /* AppDelegate.m */ = {isa = PBXFileReference; lastKnownFileType = sourcecode.c.objc; path = AppDelegate.m; sourceTree = "<group>"; };
		1C56C0371F4325AE008D21E2 /* ViewController.h */ = {isa = PBXFileReference; lastKnownFileType = sourcecode.c.h; path = ViewController.h; sourceTree = "<group>"; };
		1C56C0381F4325AE008D21E2 /* ViewController.m */ = {isa = PBXFileReference; lastKnownFileType = sourcecode.c.objc; path = ViewController.m; sourceTree = "<group>"; };
		1C56C03B1F4325AE008D21E2 /* Base */ = {isa = PBXFileReference; lastKnownFileType = file.storyboard; name = Base; path = Base.lproj/Main.storyboard; sourceTree = "<group>"; };
		1C56C03D1F4325AE008D21E2 /* Assets.xcassets */ = {isa = PBXFileReference; lastKnownFileType = folder.assetcatalog; path = Assets.xcassets; sourceTree = "<group>"; };
		1C56C0401F4325AE008D21E2 /* Base */ = {isa = PBXFileReference; lastKnownFileType = file.storyboard; name = Base; path = Base.lproj/LaunchScreen.storyboard; sourceTree = "<group>"; };
		1C56C0421F4325AE008D21E2 /* Info.plist */ = {isa = PBXFileReference; lastKnownFileType = text.plist.xml; path = Info.plist; sourceTree = "<group>"; };
		1C56C0491F432748008D21E2 /* RBObjCProject-Bridging-Header.h */ = {isa = PBXFileReference; lastKnownFileType = sourcecode.c.h; path = "RBObjCProject-Bridging-Header.h"; sourceTree = "<group>"; };
		1C56C04A1F432748008D21E2 /* MessageBuilder.swift */ = {isa = PBXFileReference; fileEncoding = 4; lastKnownFileType = sourcecode.swift; path = MessageBuilder.swift; sourceTree = "<group>"; };
		1C56C04C1F4329B1008D21E2 /* Messages.h */ = {isa = PBXFileReference; fileEncoding = 4; lastKnownFileType = sourcecode.c.h; path = Messages.h; sourceTree = "<group>"; };
		1C56C04D1F4329B1008D21E2 /* Messages.m */ = {isa = PBXFileReference; fileEncoding = 4; lastKnownFileType = sourcecode.c.objc; path = Messages.m; sourceTree = "<group>"; };
/* End PBXFileReference section */

/* Begin PBXFrameworksBuildPhase section */
		1C56C02B1F4325AE008D21E2 /* Frameworks */ = {
			isa = PBXFrameworksBuildPhase;
			buildActionMask = 2147483647;
			files = (
			);
			runOnlyForDeploymentPostprocessing = 0;
		};
/* End PBXFrameworksBuildPhase section */

/* Begin PBXGroup section */
		1C56C0251F4325AD008D21E2 = {
			isa = PBXGroup;
			children = (
				1C56C0301F4325AE008D21E2 /* RBObjCProject */,
				1C56C02F1F4325AE008D21E2 /* Products */,
			);
			sourceTree = "<group>";
		};
		1C56C02F1F4325AE008D21E2 /* Products */ = {
			isa = PBXGroup;
			children = (
				1C56C02E1F4325AE008D21E2 /* RBObjCProject.app */,
			);
			name = Products;
			sourceTree = "<group>";
		};
		1C56C0301F4325AE008D21E2 /* RBObjCProject */ = {
			isa = PBXGroup;
			children = (
				1C56C0481F43267F008D21E2 /* SwiftFiles */,
				1C56C0341F4325AE008D21E2 /* AppDelegate.h */,
				1C56C0351F4325AE008D21E2 /* AppDelegate.m */,
				1C56C0371F4325AE008D21E2 /* ViewController.h */,
				1C56C0381F4325AE008D21E2 /* ViewController.m */,
				1C56C03A1F4325AE008D21E2 /* Main.storyboard */,
				1C56C03D1F4325AE008D21E2 /* Assets.xcassets */,
				1C56C03F1F4325AE008D21E2 /* LaunchScreen.storyboard */,
				1C56C0421F4325AE008D21E2 /* Info.plist */,
				1C56C0311F4325AE008D21E2 /* Supporting Files */,
				1C56C04C1F4329B1008D21E2 /* Messages.h */,
				1C56C04D1F4329B1008D21E2 /* Messages.m */,
			);
			path = RBObjCProject;
			sourceTree = "<group>";
		};
		1C56C0311F4325AE008D21E2 /* Supporting Files */ = {
			isa = PBXGroup;
			children = (
				1C56C0321F4325AE008D21E2 /* main.m */,
			);
			name = "Supporting Files";
			sourceTree = "<group>";
		};
		1C56C0481F43267F008D21E2 /* SwiftFiles */ = {
			isa = PBXGroup;
			children = (
				1C56C04A1F432748008D21E2 /* MessageBuilder.swift */,
				1C56C0491F432748008D21E2 /* RBObjCProject-Bridging-Header.h */,
			);
			name = SwiftFiles;
			sourceTree = "<group>";
		};
/* End PBXGroup section */

/* Begin PBXNativeTarget section */
		1C56C02D1F4325AE008D21E2 /* RBObjCProject */ = {
			isa = PBXNativeTarget;
			buildConfigurationList = 1C56C0451F4325AE008D21E2 /* Build configuration list for PBXNativeTarget "RBObjCProject" */;
			buildPhases = (
				1C56C02A1F4325AE008D21E2 /* Sources */,
				1C56C02B1F4325AE008D21E2 /* Frameworks */,
				1C56C02C1F4325AE008D21E2 /* Resources */,
			);
			buildRules = (
			);
			dependencies = (
			);
			name = RBObjCProject;
			productName = RBObjCProject;
			productReference = 1C56C02E1F4325AE008D21E2 /* RBObjCProject.app */;
			productType = "com.apple.product-type.application";
		};
/* End PBXNativeTarget section */

/* Begin PBXProject section */
		1C56C0261F4325AE008D21E2 /* Project object */ = {
			isa = PBXProject;
			attributes = {
				LastUpgradeCheck = 0830;
				ORGANIZATIONNAME = RB;
				TargetAttributes = {
					1C56C02D1F4325AE008D21E2 = {
						CreatedOnToolsVersion = 8.3.3;
						LastSwiftMigration = 0830;
						ProvisioningStyle = Automatic;
					};
				};
			};
			buildConfigurationList = 1C56C0291F4325AE008D21E2 /* Build configuration list for PBXProject "RBObjCProject" */;
			compatibilityVersion = "Xcode 3.2";
			developmentRegion = English;
			hasScannedForEncodings = 0;
			knownRegions = (
				en,
				Base,
			);
			mainGroup = 1C56C0251F4325AD008D21E2;
			productRefGroup = 1C56C02F1F4325AE008D21E2 /* Products */;
			projectDirPath = "";
			projectRoot = "";
			targets = (
				1C56C02D1F4325AE008D21E2 /* RBObjCProject */,
			);
		};
/* End PBXProject section */

/* Begin PBXResourcesBuildPhase section */
		1C56C02C1F4325AE008D21E2 /* Resources */ = {
			isa = PBXResourcesBuildPhase;
			buildActionMask = 2147483647;
			files = (
				1C56C0411F4325AE008D21E2 /* LaunchScreen.storyboard in Resources */,
				1C56C03E1F4325AE008D21E2 /* Assets.xcassets in Resources */,
				1C56C03C1F4325AE008D21E2 /* Main.storyboard in Resources */,
			);
			runOnlyForDeploymentPostprocessing = 0;
		};
/* End PBXResourcesBuildPhase section */

/* Begin PBXSourcesBuildPhase section */
		1C56C02A1F4325AE008D21E2 /* Sources */ = {
			isa = PBXSourcesBuildPhase;
			buildActionMask = 2147483647;
			files = (
				1C56C0391F4325AE008D21E2 /* ViewController.m in Sources */,
				1C56C0361F4325AE008D21E2 /* AppDelegate.m in Sources */,
				1C56C0331F4325AE008D21E2 /* main.m in Sources */,
				1C56C04B1F432748008D21E2 /* MessageBuilder.swift in Sources */,
				1C56C04E1F4329B1008D21E2 /* Messages.m in Sources */,
			);
			runOnlyForDeploymentPostprocessing = 0;
		};
/* End PBXSourcesBuildPhase section */

/* Begin PBXVariantGroup section */
		1C56C03A1F4325AE008D21E2 /* Main.storyboard */ = {
			isa = PBXVariantGroup;
			children = (
				1C56C03B1F4325AE008D21E2 /* Base */,
			);
			name = Main.storyboard;
			sourceTree = "<group>";
		};
		1C56C03F1F4325AE008D21E2 /* LaunchScreen.storyboard */ = {
			isa = PBXVariantGroup;
			children = (
				1C56C0401F4325AE008D21E2 /* Base */,
			);
			name = LaunchScreen.storyboard;
			sourceTree = "<group>";
		};
/* End PBXVariantGroup section */

/* Begin XCBuildConfiguration section */
		1C56C0431F4325AE008D21E2 /* Debug */ = {
			isa = XCBuildConfiguration;
			buildSettings = {
				ALWAYS_SEARCH_USER_PATHS = NO;
				CLANG_ANALYZER_NONNULL = YES;
				CLANG_ANALYZER_NUMBER_OBJECT_CONVERSION = YES_AGGRESSIVE;
				CLANG_CXX_LANGUAGE_STANDARD = "gnu++0x";
				CLANG_CXX_LIBRARY = "libc++";
				CLANG_ENABLE_MODULES = YES;
				CLANG_ENABLE_OBJC_ARC = YES;
				CLANG_WARN_BOOL_CONVERSION = YES;
				CLANG_WARN_CONSTANT_CONVERSION = YES;
				CLANG_WARN_DIRECT_OBJC_ISA_USAGE = YES_ERROR;
				CLANG_WARN_DOCUMENTATION_COMMENTS = YES;
				CLANG_WARN_EMPTY_BODY = YES;
				CLANG_WARN_ENUM_CONVERSION = YES;
				CLANG_WARN_INFINITE_RECURSION = YES;
				CLANG_WARN_INT_CONVERSION = YES;
				CLANG_WARN_OBJC_ROOT_CLASS = YES_ERROR;
				CLANG_WARN_SUSPICIOUS_MOVE = YES;
				CLANG_WARN_UNREACHABLE_CODE = YES;
				CLANG_WARN__DUPLICATE_METHOD_MATCH = YES;
				"CODE_SIGN_IDENTITY[sdk=iphoneos*]" = "iPhone Developer";
				COPY_PHASE_STRIP = NO;
				DEBUG_INFORMATION_FORMAT = dwarf;
				ENABLE_STRICT_OBJC_MSGSEND = YES;
				ENABLE_TESTABILITY = YES;
				GCC_C_LANGUAGE_STANDARD = gnu99;
				GCC_DYNAMIC_NO_PIC = NO;
				GCC_NO_COMMON_BLOCKS = YES;
				GCC_OPTIMIZATION_LEVEL = 0;
				GCC_PREPROCESSOR_DEFINITIONS = (
					"DEBUG=1",
					"$(inherited)",
				);
				GCC_WARN_64_TO_32_BIT_CONVERSION = YES;
				GCC_WARN_ABOUT_RETURN_TYPE = YES_ERROR;
				GCC_WARN_UNDECLARED_SELECTOR = YES;
				GCC_WARN_UNINITIALIZED_AUTOS = YES_AGGRESSIVE;
				GCC_WARN_UNUSED_FUNCTION = YES;
				GCC_WARN_UNUSED_VARIABLE = YES;
				IPHONEOS_DEPLOYMENT_TARGET = 10.3;
				MTL_ENABLE_DEBUG_INFO = YES;
				ONLY_ACTIVE_ARCH = YES;
				SDKROOT = iphoneos;
				TARGETED_DEVICE_FAMILY = "1,2";
			};
			name = Debug;
		};
		1C56C0441F4325AE008D21E2 /* Release */ = {
			isa = XCBuildConfiguration;
			buildSettings = {
				ALWAYS_SEARCH_USER_PATHS = NO;
				CLANG_ANALYZER_NONNULL = YES;
				CLANG_ANALYZER_NUMBER_OBJECT_CONVERSION = YES_AGGRESSIVE;
				CLANG_CXX_LANGUAGE_STANDARD = "gnu++0x";
				CLANG_CXX_LIBRARY = "libc++";
				CLANG_ENABLE_MODULES = YES;
				CLANG_ENABLE_OBJC_ARC = YES;
				CLANG_WARN_BOOL_CONVERSION = YES;
				CLANG_WARN_CONSTANT_CONVERSION = YES;
				CLANG_WARN_DIRECT_OBJC_ISA_USAGE = YES_ERROR;
				CLANG_WARN_DOCUMENTATION_COMMENTS = YES;
				CLANG_WARN_EMPTY_BODY = YES;
				CLANG_WARN_ENUM_CONVERSION = YES;
				CLANG_WARN_INFINITE_RECURSION = YES;
				CLANG_WARN_INT_CONVERSION = YES;
				CLANG_WARN_OBJC_ROOT_CLASS = YES_ERROR;
				CLANG_WARN_SUSPICIOUS_MOVE = YES;
				CLANG_WARN_UNREACHABLE_CODE = YES;
				CLANG_WARN__DUPLICATE_METHOD_MATCH = YES;
				"CODE_SIGN_IDENTITY[sdk=iphoneos*]" = "iPhone Developer";
				COPY_PHASE_STRIP = NO;
				DEBUG_INFORMATION_FORMAT = "dwarf-with-dsym";
				ENABLE_NS_ASSERTIONS = NO;
				ENABLE_STRICT_OBJC_MSGSEND = YES;
				GCC_C_LANGUAGE_STANDARD = gnu99;
				GCC_NO_COMMON_BLOCKS = YES;
				GCC_WARN_64_TO_32_BIT_CONVERSION = YES;
				GCC_WARN_ABOUT_RETURN_TYPE = YES_ERROR;
				GCC_WARN_UNDECLARED_SELECTOR = YES;
				GCC_WARN_UNINITIALIZED_AUTOS = YES_AGGRESSIVE;
				GCC_WARN_UNUSED_FUNCTION = YES;
				GCC_WARN_UNUSED_VARIABLE = YES;
				IPHONEOS_DEPLOYMENT_TARGET = 10.3;
				MTL_ENABLE_DEBUG_INFO = NO;
				SDKROOT = iphoneos;
				TARGETED_DEVICE_FAMILY = "1,2";
				VALIDATE_PRODUCT = YES;
			};
			name = Release;
		};
		1C56C0461F4325AE008D21E2 /* Debug */ = {
			isa = XCBuildConfiguration;
			buildSettings = {
				ASSETCATALOG_COMPILER_APPICON_NAME = AppIcon;
				CLANG_ENABLE_MODULES = YES;
				INFOPLIST_FILE = RBObjCProject/Info.plist;
				LD_RUNPATH_SEARCH_PATHS = "$(inherited) @executable_path/Frameworks";
				PRODUCT_BUNDLE_IDENTIFIER = com.RB.RBObjCProject;
				PRODUCT_NAME = "$(TARGET_NAME)";
				SWIFT_OBJC_BRIDGING_HEADER = "RBObjCProject/RBObjCProject-Bridging-Header.h";
				SWIFT_OPTIMIZATION_LEVEL = "-Onone";
				SWIFT_VERSION = 3.0;
			};
			name = Debug;
		};
		1C56C0471F4325AE008D21E2 /* Release */ = {
			isa = XCBuildConfiguration;
			buildSettings = {
				ASSETCATALOG_COMPILER_APPICON_NAME = AppIcon;
				CLANG_ENABLE_MODULES = YES;
				INFOPLIST_FILE = RBObjCProject/Info.plist;
				LD_RUNPATH_SEARCH_PATHS = "$(inherited) @executable_path/Frameworks";
				PRODUCT_BUNDLE_IDENTIFIER = com.RB.RBObjCProject;
				PRODUCT_NAME = "$(TARGET_NAME)";
				SWIFT_OBJC_BRIDGING_HEADER = "RBObjCProject/RBObjCProject-Bridging-Header.h";
				SWIFT_VERSION = 3.0;
			};
			name = Release;
		};
/* End XCBuildConfiguration section */

/* Begin XCConfigurationList section */
		1C56C0291F4325AE008D21E2 /* Build configuration list for PBXProject "RBObjCProject" */ = {
			isa = XCConfigurationList;
			buildConfigurations = (
				1C56C0431F4325AE008D21E2 /* Debug */,
				1C56C0441F4325AE008D21E2 /* Release */,
			);
			defaultConfigurationIsVisible = 0;
			defaultConfigurationName = Release;
		};
		1C56C0451F4325AE008D21E2 /* Build configuration list for PBXNativeTarget "RBObjCProject" */ = {
			isa = XCConfigurationList;
			buildConfigurations = (
				1C56C0461F4325AE008D21E2 /* Debug */,
				1C56C0471F4325AE008D21E2 /* Release */,
			);
			defaultConfigurationIsVisible = 0;
		};
/* End XCConfigurationList section */
	};
	rootObject = 1C56C0261F4325AE008D21E2 /* Project object */;
}
